// !$*UTF8*$!
{
	archiveVersion = 1;
	classes = {
	};
	objectVersion = 50;
	objects = {

/* Begin PBXBuildFile section */
		3D672330210B18B000C06EF7 /* AppDelegate.m in Sources */ = {isa = PBXBuildFile; fileRef = 3D67232F210B18B000C06EF7 /* AppDelegate.m */; };
		3D672333210B18B000C06EF7 /* ViewController.m in Sources */ = {isa = PBXBuildFile; fileRef = 3D672332210B18B000C06EF7 /* ViewController.m */; };
		3D672336210B18B000C06EF7 /* Main.storyboard in Resources */ = {isa = PBXBuildFile; fileRef = 3D672334210B18B000C06EF7 /* Main.storyboard */; };
		3D672338210B18B200C06EF7 /* Assets.xcassets in Resources */ = {isa = PBXBuildFile; fileRef = 3D672337210B18B200C06EF7 /* Assets.xcassets */; };
		3D67233B210B18B200C06EF7 /* LaunchScreen.storyboard in Resources */ = {isa = PBXBuildFile; fileRef = 3D672339210B18B200C06EF7 /* LaunchScreen.storyboard */; };
		3D67233E210B18B200C06EF7 /* main.m in Sources */ = {isa = PBXBuildFile; fileRef = 3D67233D210B18B200C06EF7 /* main.m */; };
		3D672348210B18B200C06EF7 /* test4Tests.m in Sources */ = {isa = PBXBuildFile; fileRef = 3D672347210B18B200C06EF7 /* test4Tests.m */; };
		3D672353210B18B200C06EF7 /* test4UITests.m in Sources */ = {isa = PBXBuildFile; fileRef = 3D672352210B18B200C06EF7 /* test4UITests.m */; };
/* End PBXBuildFile section */

/* Begin PBXContainerItemProxy section */
		3D672344210B18B200C06EF7 /* PBXContainerItemProxy */ = {
			isa = PBXContainerItemProxy;
			containerPortal = 3D672323210B18B000C06EF7 /* Project object */;
			proxyType = 1;
			remoteGlobalIDString = 3D67232A210B18B000C06EF7;
			remoteInfo = test4;
		};
		3D67234F210B18B200C06EF7 /* PBXContainerItemProxy */ = {
			isa = PBXContainerItemProxy;
			containerPortal = 3D672323210B18B000C06EF7 /* Project object */;
			proxyType = 1;
			remoteGlobalIDString = 3D67232A210B18B000C06EF7;
			remoteInfo = test4;
		};
/* End PBXContainerItemProxy section */

/* Begin PBXFileReference section */
		3D67232B210B18B000C06EF7 /* test4.app */ = {isa = PBXFileReference; explicitFileType = wrapper.application; includeInIndex = 0; path = test4.app; sourceTree = BUILT_PRODUCTS_DIR; };
		3D67232E210B18B000C06EF7 /* AppDelegate.h */ = {isa = PBXFileReference; lastKnownFileType = sourcecode.c.h; path = AppDelegate.h; sourceTree = "<group>"; };
		3D67232F210B18B000C06EF7 /* AppDelegate.m */ = {isa = PBXFileReference; lastKnownFileType = sourcecode.c.objc; path = AppDelegate.m; sourceTree = "<group>"; };
		3D672331210B18B000C06EF7 /* ViewController.h */ = {isa = PBXFileReference; lastKnownFileType = sourcecode.c.h; path = ViewController.h; sourceTree = "<group>"; };
		3D672332210B18B000C06EF7 /* ViewController.m */ = {isa = PBXFileReference; lastKnownFileType = sourcecode.c.objc; path = ViewController.m; sourceTree = "<group>"; };
		3D672335210B18B000C06EF7 /* Base */ = {isa = PBXFileReference; lastKnownFileType = file.storyboard; name = Base; path = Base.lproj/Main.storyboard; sourceTree = "<group>"; };
		3D672337210B18B200C06EF7 /* Assets.xcassets */ = {isa = PBXFileReference; lastKnownFileType = folder.assetcatalog; path = Assets.xcassets; sourceTree = "<group>"; };
		3D67233A210B18B200C06EF7 /* Base */ = {isa = PBXFileReference; lastKnownFileType = file.storyboard; name = Base; path = Base.lproj/LaunchScreen.storyboard; sourceTree = "<group>"; };
		3D67233C210B18B200C06EF7 /* Info.plist */ = {isa = PBXFileReference; lastKnownFileType = text.plist.xml; path = Info.plist; sourceTree = "<group>"; };
		3D67233D210B18B200C06EF7 /* main.m */ = {isa = PBXFileReference; lastKnownFileType = sourcecode.c.objc; path = main.m; sourceTree = "<group>"; };
		3D672343210B18B200C06EF7 /* test4Tests.xctest */ = {isa = PBXFileReference; explicitFileType = wrapper.cfbundle; includeInIndex = 0; path = test4Tests.xctest; sourceTree = BUILT_PRODUCTS_DIR; };
		3D672347210B18B200C06EF7 /* test4Tests.m */ = {isa = PBXFileReference; lastKnownFileType = sourcecode.c.objc; path = test4Tests.m; sourceTree = "<group>"; };
		3D672349210B18B200C06EF7 /* Info.plist */ = {isa = PBXFileReference; lastKnownFileType = text.plist.xml; path = Info.plist; sourceTree = "<group>"; };
		3D67234E210B18B200C06EF7 /* test4UITests.xctest */ = {isa = PBXFileReference; explicitFileType = wrapper.cfbundle; includeInIndex = 0; path = test4UITests.xctest; sourceTree = BUILT_PRODUCTS_DIR; };
		3D672352210B18B200C06EF7 /* test4UITests.m */ = {isa = PBXFileReference; lastKnownFileType = sourcecode.c.objc; path = test4UITests.m; sourceTree = "<group>"; };
		3D672354210B18B200C06EF7 /* Info.plist */ = {isa = PBXFileReference; lastKnownFileType = text.plist.xml; path = Info.plist; sourceTree = "<group>"; };
/* End PBXFileReference section */

/* Begin PBXFrameworksBuildPhase section */
		3D672328210B18B000C06EF7 /* Frameworks */ = {
			isa = PBXFrameworksBuildPhase;
			buildActionMask = 2147483647;
			files = (
			);
			runOnlyForDeploymentPostprocessing = 0;
		};
		3D672340210B18B200C06EF7 /* Frameworks */ = {
			isa = PBXFrameworksBuildPhase;
			buildActionMask = 2147483647;
			files = (
			);
			runOnlyForDeploymentPostprocessing = 0;
		};
		3D67234B210B18B200C06EF7 /* Frameworks */ = {
			isa = PBXFrameworksBuildPhase;
			buildActionMask = 2147483647;
			files = (
			);
			runOnlyForDeploymentPostprocessing = 0;
		};
/* End PBXFrameworksBuildPhase section */

/* Begin PBXGroup section */
		3D672322210B18B000C06EF7 = {
			isa = PBXGroup;
			children = (
				3D67232D210B18B000C06EF7 /* test4 */,
				3D672346210B18B200C06EF7 /* test4Tests */,
				3D672351210B18B200C06EF7 /* test4UITests */,
				3D67232C210B18B000C06EF7 /* Products */,
			);
			sourceTree = "<group>";
		};
		3D67232C210B18B000C06EF7 /* Products */ = {
			isa = PBXGroup;
			children = (
				3D67232B210B18B000C06EF7 /* test4.app */,
				3D672343210B18B200C06EF7 /* test4Tests.xctest */,
				3D67234E210B18B200C06EF7 /* test4UITests.xctest */,
			);
			name = Products;
			sourceTree = "<group>";
		};
		3D67232D210B18B000C06EF7 /* test4 */ = {
			isa = PBXGroup;
			children = (
				3D67232E210B18B000C06EF7 /* AppDelegate.h */,
				3D67232F210B18B000C06EF7 /* AppDelegate.m */,
				3D672331210B18B000C06EF7 /* ViewController.h */,
				3D672332210B18B000C06EF7 /* ViewController.m */,
				3D672334210B18B000C06EF7 /* Main.storyboard */,
				3D672337210B18B200C06EF7 /* Assets.xcassets */,
				3D672339210B18B200C06EF7 /* LaunchScreen.storyboard */,
				3D67233C210B18B200C06EF7 /* Info.plist */,
				3D67233D210B18B200C06EF7 /* main.m */,
			);
			path = test4;
			sourceTree = "<group>";
		};
		3D672346210B18B200C06EF7 /* test4Tests */ = {
			isa = PBXGroup;
			children = (
				3D672347210B18B200C06EF7 /* test4Tests.m */,
				3D672349210B18B200C06EF7 /* Info.plist */,
			);
			path = test4Tests;
			sourceTree = "<group>";
		};
		3D672351210B18B200C06EF7 /* test4UITests */ = {
			isa = PBXGroup;
			children = (
				3D672352210B18B200C06EF7 /* test4UITests.m */,
				3D672354210B18B200C06EF7 /* Info.plist */,
			);
			path = test4UITests;
			sourceTree = "<group>";
		};
/* End PBXGroup section */

/* Begin PBXNativeTarget section */
		3D67232A210B18B000C06EF7 /* test4 */ = {
			isa = PBXNativeTarget;
			buildConfigurationList = 3D672357210B18B200C06EF7 /* Build configuration list for PBXNativeTarget "test4" */;
			buildPhases = (
				3D672327210B18B000C06EF7 /* Sources */,
				3D672328210B18B000C06EF7 /* Frameworks */,
				3D672329210B18B000C06EF7 /* Resources */,
			);
			buildRules = (
			);
			dependencies = (
			);
			name = test4;
			productName = test4;
			productReference = 3D67232B210B18B000C06EF7 /* test4.app */;
			productType = "com.apple.product-type.application";
		};
		3D672342210B18B200C06EF7 /* test4Tests */ = {
			isa = PBXNativeTarget;
			buildConfigurationList = 3D67235A210B18B200C06EF7 /* Build configuration list for PBXNativeTarget "test4Tests" */;
			buildPhases = (
				3D67233F210B18B200C06EF7 /* Sources */,
				3D672340210B18B200C06EF7 /* Frameworks */,
				3D672341210B18B200C06EF7 /* Resources */,
			);
			buildRules = (
			);
			dependencies = (
				3D672345210B18B200C06EF7 /* PBXTargetDependency */,
			);
			name = test4Tests;
			productName = test4Tests;
			productReference = 3D672343210B18B200C06EF7 /* test4Tests.xctest */;
			productType = "com.apple.product-type.bundle.unit-test";
		};
		3D67234D210B18B200C06EF7 /* test4UITests */ = {
			isa = PBXNativeTarget;
			buildConfigurationList = 3D67235D210B18B200C06EF7 /* Build configuration list for PBXNativeTarget "test4UITests" */;
			buildPhases = (
				3D67234A210B18B200C06EF7 /* Sources */,
				3D67234B210B18B200C06EF7 /* Frameworks */,
				3D67234C210B18B200C06EF7 /* Resources */,
			);
			buildRules = (
			);
			dependencies = (
				3D672350210B18B200C06EF7 /* PBXTargetDependency */,
			);
			name = test4UITests;
			productName = test4UITests;
			productReference = 3D67234E210B18B200C06EF7 /* test4UITests.xctest */;
			productType = "com.apple.product-type.bundle.ui-testing";
		};
/* End PBXNativeTarget section */

/* Begin PBXProject section */
		3D672323210B18B000C06EF7 /* Project object */ = {
			isa = PBXProject;
			attributes = {
				LastUpgradeCheck = 0940;
				ORGANIZATIONNAME = wqb;
				TargetAttributes = {
					3D67232A210B18B000C06EF7 = {
						CreatedOnToolsVersion = 9.4.1;
					};
					3D672342210B18B200C06EF7 = {
						CreatedOnToolsVersion = 9.4.1;
						TestTargetID = 3D67232A210B18B000C06EF7;
					};
					3D67234D210B18B200C06EF7 = {
						CreatedOnToolsVersion = 9.4.1;
						TestTargetID = 3D67232A210B18B000C06EF7;
					};
				};
			};
			buildConfigurationList = 3D672326210B18B000C06EF7 /* Build configuration list for PBXProject "test4" */;
			compatibilityVersion = "Xcode 9.3";
			developmentRegion = en;
			hasScannedForEncodings = 0;
			knownRegions = (
				en,
				Base,
			);
			mainGroup = 3D672322210B18B000C06EF7;
			productRefGroup = 3D67232C210B18B000C06EF7 /* Products */;
			projectDirPath = "";
			projectRoot = "";
			targets = (
				3D67232A210B18B000C06EF7 /* test4 */,
				3D672342210B18B200C06EF7 /* test4Tests */,
				3D67234D210B18B200C06EF7 /* test4UITests */,
			);
		};
/* End PBXProject section */

/* Begin PBXResourcesBuildPhase section */
		3D672329210B18B000C06EF7 /* Resources */ = {
			isa = PBXResourcesBuildPhase;
			buildActionMask = 2147483647;
			files = (
				3D67233B210B18B200C06EF7 /* LaunchScreen.storyboard in Resources */,
				3D672338210B18B200C06EF7 /* Assets.xcassets in Resources */,
				3D672336210B18B000C06EF7 /* Main.storyboard in Resources */,
			);
			runOnlyForDeploymentPostprocessing = 0;
		};
		3D672341210B18B200C06EF7 /* Resources */ = {
			isa = PBXResourcesBuildPhase;
			buildActionMask = 2147483647;
			files = (
			);
			runOnlyForDeploymentPostprocessing = 0;
		};
		3D67234C210B18B200C06EF7 /* Resources */ = {
			isa = PBXResourcesBuildPhase;
			buildActionMask = 2147483647;
			files = (
			);
			runOnlyForDeploymentPostprocessing = 0;
		};
/* End PBXResourcesBuildPhase section */

/* Begin PBXSourcesBuildPhase section */
		3D672327210B18B000C06EF7 /* Sources */ = {
			isa = PBXSourcesBuildPhase;
			buildActionMask = 2147483647;
			files = (
				3D672333210B18B000C06EF7 /* ViewController.m in Sources */,
				3D67233E210B18B200C06EF7 /* main.m in Sources */,
				3D672330210B18B000C06EF7 /* AppDelegate.m in Sources */,
			);
			runOnlyForDeploymentPostprocessing = 0;
		};
		3D67233F210B18B200C06EF7 /* Sources */ = {
			isa = PBXSourcesBuildPhase;
			buildActionMask = 2147483647;
			files = (
				3D672348210B18B200C06EF7 /* test4Tests.m in Sources */,
			);
			runOnlyForDeploymentPostprocessing = 0;
		};
		3D67234A210B18B200C06EF7 /* Sources */ = {
			isa = PBXSourcesBuildPhase;
			buildActionMask = 2147483647;
			files = (
				3D672353210B18B200C06EF7 /* test4UITests.m in Sources */,
			);
			runOnlyForDeploymentPostprocessing = 0;
		};
/* End PBXSourcesBuildPhase section */

/* Begin PBXTargetDependency section */
		3D672345210B18B200C06EF7 /* PBXTargetDependency */ = {
			isa = PBXTargetDependency;
			target = 3D67232A210B18B000C06EF7 /* test4 */;
			targetProxy = 3D672344210B18B200C06EF7 /* PBXContainerItemProxy */;
		};
		3D672350210B18B200C06EF7 /* PBXTargetDependency */ = {
			isa = PBXTargetDependency;
			target = 3D67232A210B18B000C06EF7 /* test4 */;
			targetProxy = 3D67234F210B18B200C06EF7 /* PBXContainerItemProxy */;
		};
/* End PBXTargetDependency section */

/* Begin PBXVariantGroup section */
		3D672334210B18B000C06EF7 /* Main.storyboard */ = {
			isa = PBXVariantGroup;
			children = (
				3D672335210B18B000C06EF7 /* Base */,
			);
			name = Main.storyboard;
			sourceTree = "<group>";
		};
		3D672339210B18B200C06EF7 /* LaunchScreen.storyboard */ = {
			isa = PBXVariantGroup;
			children = (
				3D67233A210B18B200C06EF7 /* Base */,
			);
			name = LaunchScreen.storyboard;
			sourceTree = "<group>";
		};
/* End PBXVariantGroup section */

/* Begin XCBuildConfiguration section */
		3D672355210B18B200C06EF7 /* Debug */ = {
			isa = XCBuildConfiguration;
			buildSettings = {
				ALWAYS_SEARCH_USER_PATHS = NO;
				CLANG_ANALYZER_NONNULL = YES;
				CLANG_ANALYZER_NUMBER_OBJECT_CONVERSION = YES_AGGRESSIVE;
				CLANG_CXX_LANGUAGE_STANDARD = "gnu++14";
				CLANG_CXX_LIBRARY = "libc++";
				CLANG_ENABLE_MODULES = YES;
				CLANG_ENABLE_OBJC_ARC = YES;
				CLANG_ENABLE_OBJC_WEAK = YES;
				CLANG_WARN_BLOCK_CAPTURE_AUTORELEASING = YES;
				CLANG_WARN_BOOL_CONVERSION = YES;
				CLANG_WARN_COMMA = YES;
				CLANG_WARN_CONSTANT_CONVERSION = YES;
				CLANG_WARN_DEPRECATED_OBJC_IMPLEMENTATIONS = YES;
				CLANG_WARN_DIRECT_OBJC_ISA_USAGE = YES_ERROR;
				CLANG_WARN_DOCUMENTATION_COMMENTS = YES;
				CLANG_WARN_EMPTY_BODY = YES;
				CLANG_WARN_ENUM_CONVERSION = YES;
				CLANG_WARN_INFINITE_RECURSION = YES;
				CLANG_WARN_INT_CONVERSION = YES;
				CLANG_WARN_NON_LITERAL_NULL_CONVERSION = YES;
				CLANG_WARN_OBJC_IMPLICIT_RETAIN_SELF = YES;
				CLANG_WARN_OBJC_LITERAL_CONVERSION = YES;
				CLANG_WARN_OBJC_ROOT_CLASS = YES_ERROR;
				CLANG_WARN_RANGE_LOOP_ANALYSIS = YES;
				CLANG_WARN_STRICT_PROTOTYPES = YES;
				CLANG_WARN_SUSPICIOUS_MOVE = YES;
				CLANG_WARN_UNGUARDED_AVAILABILITY = YES_AGGRESSIVE;
				CLANG_WARN_UNREACHABLE_CODE = YES;
				CLANG_WARN__DUPLICATE_METHOD_MATCH = YES;
				CODE_SIGN_IDENTITY = "iPhone Developer";
				COPY_PHASE_STRIP = NO;
				DEBUG_INFORMATION_FORMAT = dwarf;
				ENABLE_STRICT_OBJC_MSGSEND = YES;
				ENABLE_TESTABILITY = YES;
				GCC_C_LANGUAGE_STANDARD = gnu11;
				GCC_DYNAMIC_NO_PIC = NO;
				GCC_NO_COMMON_BLOCKS = YES;
				GCC_OPTIMIZATION_LEVEL = 0;
				GCC_PREPROCESSOR_DEFINITIONS = (
					"DEBUG=1",
					"$(inherited)",
				);
				GCC_WARN_64_TO_32_BIT_CONVERSION = YES;
				GCC_WARN_ABOUT_RETURN_TYPE = YES_ERROR;
				GCC_WARN_UNDECLARED_SELECTOR = YES;
				GCC_WARN_UNINITIALIZED_AUTOS = YES_AGGRESSIVE;
				GCC_WARN_UNUSED_FUNCTION = YES;
				GCC_WARN_UNUSED_VARIABLE = YES;
				IPHONEOS_DEPLOYMENT_TARGET = 11.4;
				MTL_ENABLE_DEBUG_INFO = YES;
				ONLY_ACTIVE_ARCH = YES;
				SDKROOT = iphoneos;
			};
			name = Debug;
		};
		3D672356210B18B200C06EF7 /* Release */ = {
			isa = XCBuildConfiguration;
			buildSettings = {
				ALWAYS_SEARCH_USER_PATHS = NO;
				CLANG_ANALYZER_NONNULL = YES;
				CLANG_ANALYZER_NUMBER_OBJECT_CONVERSION = YES_AGGRESSIVE;
				CLANG_CXX_LANGUAGE_STANDARD = "gnu++14";
				CLANG_CXX_LIBRARY = "libc++";
				CLANG_ENABLE_MODULES = YES;
				CLANG_ENABLE_OBJC_ARC = YES;
				CLANG_ENABLE_OBJC_WEAK = YES;
				CLANG_WARN_BLOCK_CAPTURE_AUTORELEASING = YES;
				CLANG_WARN_BOOL_CONVERSION = YES;
				CLANG_WARN_COMMA = YES;
				CLANG_WARN_CONSTANT_CONVERSION = YES;
				CLANG_WARN_DEPRECATED_OBJC_IMPLEMENTATIONS = YES;
				CLANG_WARN_DIRECT_OBJC_ISA_USAGE = YES_ERROR;
				CLANG_WARN_DOCUMENTATION_COMMENTS = YES;
				CLANG_WARN_EMPTY_BODY = YES;
				CLANG_WARN_ENUM_CONVERSION = YES;
				CLANG_WARN_INFINITE_RECURSION = YES;
				CLANG_WARN_INT_CONVERSION = YES;
				CLANG_WARN_NON_LITERAL_NULL_CONVERSION = YES;
				CLANG_WARN_OBJC_IMPLICIT_RETAIN_SELF = YES;
				CLANG_WARN_OBJC_LITERAL_CONVERSION = YES;
				CLANG_WARN_OBJC_ROOT_CLASS = YES_ERROR;
				CLANG_WARN_RANGE_LOOP_ANALYSIS = YES;
				CLANG_WARN_STRICT_PROTOTYPES = YES;
				CLANG_WARN_SUSPICIOUS_MOVE = YES;
				CLANG_WARN_UNGUARDED_AVAILABILITY = YES_AGGRESSIVE;
				CLANG_WARN_UNREACHABLE_CODE = YES;
				CLANG_WARN__DUPLICATE_METHOD_MATCH = YES;
				CODE_SIGN_IDENTITY = "iPhone Developer";
				COPY_PHASE_STRIP = NO;
				DEBUG_INFORMATION_FORMAT = "dwarf-with-dsym";
				ENABLE_NS_ASSERTIONS = NO;
				ENABLE_STRICT_OBJC_MSGSEND = YES;
				GCC_C_LANGUAGE_STANDARD = gnu11;
				GCC_NO_COMMON_BLOCKS = YES;
				GCC_WARN_64_TO_32_BIT_CONVERSION = YES;
				GCC_WARN_ABOUT_RETURN_TYPE = YES_ERROR;
				GCC_WARN_UNDECLARED_SELECTOR = YES;
				GCC_WARN_UNINITIALIZED_AUTOS = YES_AGGRESSIVE;
				GCC_WARN_UNUSED_FUNCTION = YES;
				GCC_WARN_UNUSED_VARIABLE = YES;
				IPHONEOS_DEPLOYMENT_TARGET = 11.4;
				MTL_ENABLE_DEBUG_INFO = NO;
				SDKROOT = iphoneos;
				VALIDATE_PRODUCT = YES;
			};
			name = Release;
		};
		3D672358210B18B200C06EF7 /* Debug */ = {
			isa = XCBuildConfiguration;
			buildSettings = {
				ASSETCATALOG_COMPILER_APPICON_NAME = AppIcon;
				CODE_SIGN_STYLE = Automatic;
				INFOPLIST_FILE = test4/Info.plist;
				LD_RUNPATH_SEARCH_PATHS = (
					"$(inherited)",
					"@executable_path/Frameworks",
				);
				PRODUCT_BUNDLE_IDENTIFIER = hero.wqb.test4;
				PRODUCT_NAME = "$(TARGET_NAME)";
				TARGETED_DEVICE_FAMILY = "1,2";
			};
			name = Debug;
		};
		3D672359210B18B200C06EF7 /* Release */ = {
			isa = XCBuildConfiguration;
			buildSettings = {
				ASSETCATALOG_COMPILER_APPICON_NAME = AppIcon;
				CODE_SIGN_STYLE = Automatic;
				INFOPLIST_FILE = test4/Info.plist;
				LD_RUNPATH_SEARCH_PATHS = (
					"$(inherited)",
					"@executable_path/Frameworks",
				);
				PRODUCT_BUNDLE_IDENTIFIER = hero.wqb.test4;
				PRODUCT_NAME = "$(TARGET_NAME)";
				TARGETED_DEVICE_FAMILY = "1,2";
			};
			name = Release;
		};
		3D67235B210B18B200C06EF7 /* Debug */ = {
			isa = XCBuildConfiguration;
			buildSettings = {
				BUNDLE_LOADER = "$(TEST_HOST)";
				CODE_SIGN_STYLE = Automatic;
				INFOPLIST_FILE = test4Tests/Info.plist;
				LD_RUNPATH_SEARCH_PATHS = (
					"$(inherited)",
					"@executable_path/Frameworks",
					"@loader_path/Frameworks",
				);
				PRODUCT_BUNDLE_IDENTIFIER = hero.wqb.test4Tests;
				PRODUCT_NAME = "$(TARGET_NAME)";
				TARGETED_DEVICE_FAMILY = "1,2";
				TEST_HOST = "$(BUILT_PRODUCTS_DIR)/test4.app/test4";
			};
			name = Debug;
		};
		3D67235C210B18B200C06EF7 /* Release */ = {
			isa = XCBuildConfiguration;
			buildSettings = {
				BUNDLE_LOADER = "$(TEST_HOST)";
				CODE_SIGN_STYLE = Automatic;
				INFOPLIST_FILE = test4Tests/Info.plist;
				LD_RUNPATH_SEARCH_PATHS = (
					"$(inherited)",
					"@executable_path/Frameworks",
					"@loader_path/Frameworks",
				);
				PRODUCT_BUNDLE_IDENTIFIER = hero.wqb.test4Tests;
				PRODUCT_NAME = "$(TARGET_NAME)";
				TARGETED_DEVICE_FAMILY = "1,2";
				TEST_HOST = "$(BUILT_PRODUCTS_DIR)/test4.app/test4";
			};
			name = Release;
		};
		3D67235E210B18B200C06EF7 /* Debug */ = {
			isa = XCBuildConfiguration;
			buildSettings = {
				CODE_SIGN_STYLE = Automatic;
				INFOPLIST_FILE = test4UITests/Info.plist;
				LD_RUNPATH_SEARCH_PATHS = (
					"$(inherited)",
					"@executable_path/Frameworks",
					"@loader_path/Frameworks",
				);
				PRODUCT_BUNDLE_IDENTIFIER = hero.wqb.test4UITests;
				PRODUCT_NAME = "$(TARGET_NAME)";
				TARGETED_DEVICE_FAMILY = "1,2";
				TEST_TARGET_NAME = test4;
			};
			name = Debug;
		};
		3D67235F210B18B200C06EF7 /* Release */ = {
			isa = XCBuildConfiguration;
			buildSettings = {
				CODE_SIGN_STYLE = Automatic;
				INFOPLIST_FILE = test4UITests/Info.plist;
				LD_RUNPATH_SEARCH_PATHS = (
					"$(inherited)",
					"@executable_path/Frameworks",
					"@loader_path/Frameworks",
				);
				PRODUCT_BUNDLE_IDENTIFIER = hero.wqb.test4UITests;
				PRODUCT_NAME = "$(TARGET_NAME)";
				TARGETED_DEVICE_FAMILY = "1,2";
				TEST_TARGET_NAME = test4;
			};
			name = Release;
		};
/* End XCBuildConfiguration section */

/* Begin XCConfigurationList section */
		3D672326210B18B000C06EF7 /* Build configuration list for PBXProject "test4" */ = {
			isa = XCConfigurationList;
			buildConfigurations = (
				3D672355210B18B200C06EF7 /* Debug */,
				3D672356210B18B200C06EF7 /* Release */,
			);
			defaultConfigurationIsVisible = 0;
			defaultConfigurationName = Release;
		};
		3D672357210B18B200C06EF7 /* Build configuration list for PBXNativeTarget "test4" */ = {
			isa = XCConfigurationList;
			buildConfigurations = (
				3D672358210B18B200C06EF7 /* Debug */,
				3D672359210B18B200C06EF7 /* Release */,
			);
			defaultConfigurationIsVisible = 0;
			defaultConfigurationName = Release;
		};
		3D67235A210B18B200C06EF7 /* Build configuration list for PBXNativeTarget "test4Tests" */ = {
			isa = XCConfigurationList;
			buildConfigurations = (
				3D67235B210B18B200C06EF7 /* Debug */,
				3D67235C210B18B200C06EF7 /* Release */,
			);
			defaultConfigurationIsVisible = 0;
			defaultConfigurationName = Release;
		};
		3D67235D210B18B200C06EF7 /* Build configuration list for PBXNativeTarget "test4UITests" */ = {
			isa = XCConfigurationList;
			buildConfigurations = (
				3D67235E210B18B200C06EF7 /* Debug */,
				3D67235F210B18B200C06EF7 /* Release */,
			);
			defaultConfigurationIsVisible = 0;
			defaultConfigurationName = Release;
		};
/* End XCConfigurationList section */
	};
	rootObject = 3D672323210B18B000C06EF7 /* Project object */;
}
